
Microsoft Visual Studio Solution File, Format Version 12.00
# Visual Studio Version 17
VisualStudioVersion = 17.0.31903.59
MinimumVisualStudioVersion = 10.0.40219.1
Project("{2150E333-8FDC-42A3-9474-1A3956D46DE8}") = "src", "src", "{827E0CD3-B72D-47B6-A68D-7590B98EB39B}"
EndProject
Project("{2150E333-8FDC-42A3-9474-1A3956D46DE8}") = "Aspire", "Aspire", "{52BF7FB6-37FF-5100-EFD1-124EFF302675}"
EndProject
Project("{2150E333-8FDC-42A3-9474-1A3956D46DE8}") = "Managed", "Managed", "{984BB9B3-3FA3-BE33-9484-CAC21695A33C}"
EndProject
Project("{FAE04EC0-301F-11D3-BF4B-00C04F79EFBC}") = "AppHost", "src\Aspire\AppHost\AppHost.csproj", "{A1BD1808-A874-458E-B88F-56447ABCB608}"
EndProject
Project("{FAE04EC0-301F-11D3-BF4B-00C04F79EFBC}") = "ServiceDefaults", "src\Aspire\ServiceDefaults\ServiceDefaults.csproj", "{DAB60DCB-2692-40A7-A60D-4924175C70CC}"
EndProject
Project("{FAE04EC0-301F-11D3-BF4B-00C04F79EFBC}") = "Shared", "src\Aspire\Shared\Shared.csproj", "{32D80E06-B727-47C9-880C-6E82F34A6F9A}"
EndProject
Project("{2150E333-8FDC-42A3-9474-1A3956D46DE8}") = "Messaging", "Messaging", "{A688C4ED-B7BA-0688-7C0B-2CD471636AB8}"
EndProject
Project("{FAE04EC0-301F-11D3-BF4B-00C04F79EFBC}") = "Messaging.Domain", "src\Managed\Messaging\Message.Domain\Messaging.Domain.csproj", "{9E084D8D-93BF-44A4-83C0-09CE700113DE}"
EndProject
Project("{FAE04EC0-301F-11D3-BF4B-00C04F79EFBC}") = "Messaging.Infrastructure", "src\Managed\Messaging\Messaging.Infrastructure\Messaging.Infrastructure.csproj", "{73FE37FC-3518-49E8-95AC-07BDB67C7AD7}"
EndProject
Project("{FAE04EC0-301F-11D3-BF4B-00C04F79EFBC}") = "Messaging.Presentation", "src\Managed\Messaging\Messaging.Presentation\Messaging.Presentation.csproj", "{A69E9DB5-328F-48A7-9018-038435B5DDED}"
EndProject
Project("{FAE04EC0-301F-11D3-BF4B-00C04F79EFBC}") = "Messaging", "src\Managed\Messaging\Messaging\Messaging.csproj", "{7E15E86D-6E3E-4993-B0D5-C761D2823151}"
EndProject
Project("{2150E333-8FDC-42A3-9474-1A3956D46DE8}") = "Gateway", "Gateway", "{6306A8FB-679E-111F-6585-8F70E0EE6013}"
EndProject
Project("{FAE04EC0-301F-11D3-BF4B-00C04F79EFBC}") = "Gateway", "src\Gateway\Gateway\Gateway.csproj", "{BA3B2446-95DA-45BD-BB71-C09C1C382D2E}"
EndProject
Project("{FAE04EC0-301F-11D3-BF4B-00C04F79EFBC}") = "Gateway.Domain", "src\Gateway\Gateway.Domain\Gateway.Domain.csproj", "{9A2D1AE0-298C-4547-B812-6E3D174E4156}"
EndProject
Project("{FAE04EC0-301F-11D3-BF4B-00C04F79EFBC}") = "Gateway.Infrastructure", "src\Gateway\Gateway.Infrastructure\Gateway.Infrastructure.csproj", "{4D7057D4-66E8-41B2-B68C-B6A780413F60}"
EndProject
Project("{FAE04EC0-301F-11D3-BF4B-00C04F79EFBC}") = "Gateway.Presentation", "src\Gateway\Gateway.Presentation\Gateway.Presentation.csproj", "{4FF579FA-EBC7-4CC8-AACD-F97EBADFB06B}"
EndProject
Global
	GlobalSection(SolutionConfigurationPlatforms) = preSolution
		Debug|Any CPU = Debug|Any CPU
		Debug|x64 = Debug|x64
		Debug|x86 = Debug|x86
		Release|Any CPU = Release|Any CPU
		Release|x64 = Release|x64
		Release|x86 = Release|x86
	EndGlobalSection
	GlobalSection(ProjectConfigurationPlatforms) = postSolution
		{A1BD1808-A874-458E-B88F-56447ABCB608}.Debug|Any CPU.ActiveCfg = Debug|Any CPU
		{A1BD1808-A874-458E-B88F-56447ABCB608}.Debug|Any CPU.Build.0 = Debug|Any CPU
		{A1BD1808-A874-458E-B88F-56447ABCB608}.Debug|x64.ActiveCfg = Debug|Any CPU
		{A1BD1808-A874-458E-B88F-56447ABCB608}.Debug|x64.Build.0 = Debug|Any CPU
		{A1BD1808-A874-458E-B88F-56447ABCB608}.Debug|x86.ActiveCfg = Debug|Any CPU
		{A1BD1808-A874-458E-B88F-56447ABCB608}.Debug|x86.Build.0 = Debug|Any CPU
		{A1BD1808-A874-458E-B88F-56447ABCB608}.Release|Any CPU.ActiveCfg = Release|Any CPU
		{A1BD1808-A874-458E-B88F-56447ABCB608}.Release|Any CPU.Build.0 = Release|Any CPU
		{A1BD1808-A874-458E-B88F-56447ABCB608}.Release|x64.ActiveCfg = Release|Any CPU
		{A1BD1808-A874-458E-B88F-56447ABCB608}.Release|x64.Build.0 = Release|Any CPU
		{A1BD1808-A874-458E-B88F-56447ABCB608}.Release|x86.ActiveCfg = Release|Any CPU
		{A1BD1808-A874-458E-B88F-56447ABCB608}.Release|x86.Build.0 = Release|Any CPU
		{DAB60DCB-2692-40A7-A60D-4924175C70CC}.Debug|Any CPU.ActiveCfg = Debug|Any CPU
		{DAB60DCB-2692-40A7-A60D-4924175C70CC}.Debug|Any CPU.Build.0 = Debug|Any CPU
		{DAB60DCB-2692-40A7-A60D-4924175C70CC}.Debug|x64.ActiveCfg = Debug|Any CPU
		{DAB60DCB-2692-40A7-A60D-4924175C70CC}.Debug|x64.Build.0 = Debug|Any CPU
		{DAB60DCB-2692-40A7-A60D-4924175C70CC}.Debug|x86.ActiveCfg = Debug|Any CPU
		{DAB60DCB-2692-40A7-A60D-4924175C70CC}.Debug|x86.Build.0 = Debug|Any CPU
		{DAB60DCB-2692-40A7-A60D-4924175C70CC}.Release|Any CPU.ActiveCfg = Release|Any CPU
		{DAB60DCB-2692-40A7-A60D-4924175C70CC}.Release|Any CPU.Build.0 = Release|Any CPU
		{DAB60DCB-2692-40A7-A60D-4924175C70CC}.Release|x64.ActiveCfg = Release|Any CPU
		{DAB60DCB-2692-40A7-A60D-4924175C70CC}.Release|x64.Build.0 = Release|Any CPU
		{DAB60DCB-2692-40A7-A60D-4924175C70CC}.Release|x86.ActiveCfg = Release|Any CPU
		{DAB60DCB-2692-40A7-A60D-4924175C70CC}.Release|x86.Build.0 = Release|Any CPU
		{32D80E06-B727-47C9-880C-6E82F34A6F9A}.Debug|Any CPU.ActiveCfg = Debug|Any CPU
		{32D80E06-B727-47C9-880C-6E82F34A6F9A}.Debug|Any CPU.Build.0 = Debug|Any CPU
		{32D80E06-B727-47C9-880C-6E82F34A6F9A}.Debug|x64.ActiveCfg = Debug|Any CPU
		{32D80E06-B727-47C9-880C-6E82F34A6F9A}.Debug|x64.Build.0 = Debug|Any CPU
		{32D80E06-B727-47C9-880C-6E82F34A6F9A}.Debug|x86.ActiveCfg = Debug|Any CPU
		{32D80E06-B727-47C9-880C-6E82F34A6F9A}.Debug|x86.Build.0 = Debug|Any CPU
		{32D80E06-B727-47C9-880C-6E82F34A6F9A}.Release|Any CPU.ActiveCfg = Release|Any CPU
		{32D80E06-B727-47C9-880C-6E82F34A6F9A}.Release|Any CPU.Build.0 = Release|Any CPU
		{32D80E06-B727-47C9-880C-6E82F34A6F9A}.Release|x64.ActiveCfg = Release|Any CPU
		{32D80E06-B727-47C9-880C-6E82F34A6F9A}.Release|x64.Build.0 = Release|Any CPU
		{32D80E06-B727-47C9-880C-6E82F34A6F9A}.Release|x86.ActiveCfg = Release|Any CPU
		{32D80E06-B727-47C9-880C-6E82F34A6F9A}.Release|x86.Build.0 = Release|Any CPU
		{9E084D8D-93BF-44A4-83C0-09CE700113DE}.Debug|Any CPU.ActiveCfg = Debug|Any CPU
		{9E084D8D-93BF-44A4-83C0-09CE700113DE}.Debug|Any CPU.Build.0 = Debug|Any CPU
		{9E084D8D-93BF-44A4-83C0-09CE700113DE}.Debug|x64.ActiveCfg = Debug|Any CPU
		{9E084D8D-93BF-44A4-83C0-09CE700113DE}.Debug|x64.Build.0 = Debug|Any CPU
		{9E084D8D-93BF-44A4-83C0-09CE700113DE}.Debug|x86.ActiveCfg = Debug|Any CPU
		{9E084D8D-93BF-44A4-83C0-09CE700113DE}.Debug|x86.Build.0 = Debug|Any CPU
		{9E084D8D-93BF-44A4-83C0-09CE700113DE}.Release|Any CPU.ActiveCfg = Release|Any CPU
		{9E084D8D-93BF-44A4-83C0-09CE700113DE}.Release|Any CPU.Build.0 = Release|Any CPU
		{9E084D8D-93BF-44A4-83C0-09CE700113DE}.Release|x64.ActiveCfg = Release|Any CPU
		{9E084D8D-93BF-44A4-83C0-09CE700113DE}.Release|x64.Build.0 = Release|Any CPU
		{9E084D8D-93BF-44A4-83C0-09CE700113DE}.Release|x86.ActiveCfg = Release|Any CPU
		{9E084D8D-93BF-44A4-83C0-09CE700113DE}.Release|x86.Build.0 = Release|Any CPU
		{73FE37FC-3518-49E8-95AC-07BDB67C7AD7}.Debug|Any CPU.ActiveCfg = Debug|Any CPU
		{73FE37FC-3518-49E8-95AC-07BDB67C7AD7}.Debug|Any CPU.Build.0 = Debug|Any CPU
		{73FE37FC-3518-49E8-95AC-07BDB67C7AD7}.Debug|x64.ActiveCfg = Debug|Any CPU
		{73FE37FC-3518-49E8-95AC-07BDB67C7AD7}.Debug|x64.Build.0 = Debug|Any CPU
		{73FE37FC-3518-49E8-95AC-07BDB67C7AD7}.Debug|x86.ActiveCfg = Debug|Any CPU
		{73FE37FC-3518-49E8-95AC-07BDB67C7AD7}.Debug|x86.Build.0 = Debug|Any CPU
		{73FE37FC-3518-49E8-95AC-07BDB67C7AD7}.Release|Any CPU.ActiveCfg = Release|Any CPU
		{73FE37FC-3518-49E8-95AC-07BDB67C7AD7}.Release|Any CPU.Build.0 = Release|Any CPU
		{73FE37FC-3518-49E8-95AC-07BDB67C7AD7}.Release|x64.ActiveCfg = Release|Any CPU
		{73FE37FC-3518-49E8-95AC-07BDB67C7AD7}.Release|x64.Build.0 = Release|Any CPU
		{73FE37FC-3518-49E8-95AC-07BDB67C7AD7}.Release|x86.ActiveCfg = Release|Any CPU
		{73FE37FC-3518-49E8-95AC-07BDB67C7AD7}.Release|x86.Build.0 = Release|Any CPU
		{A69E9DB5-328F-48A7-9018-038435B5DDED}.Debug|Any CPU.ActiveCfg = Debug|Any CPU
		{A69E9DB5-328F-48A7-9018-038435B5DDED}.Debug|Any CPU.Build.0 = Debug|Any CPU
		{A69E9DB5-328F-48A7-9018-038435B5DDED}.Debug|x64.ActiveCfg = Debug|Any CPU
		{A69E9DB5-328F-48A7-9018-038435B5DDED}.Debug|x64.Build.0 = Debug|Any CPU
		{A69E9DB5-328F-48A7-9018-038435B5DDED}.Debug|x86.ActiveCfg = Debug|Any CPU
		{A69E9DB5-328F-48A7-9018-038435B5DDED}.Debug|x86.Build.0 = Debug|Any CPU
		{A69E9DB5-328F-48A7-9018-038435B5DDED}.Release|Any CPU.ActiveCfg = Release|Any CPU
		{A69E9DB5-328F-48A7-9018-038435B5DDED}.Release|Any CPU.Build.0 = Release|Any CPU
		{A69E9DB5-328F-48A7-9018-038435B5DDED}.Release|x64.ActiveCfg = Release|Any CPU
		{A69E9DB5-328F-48A7-9018-038435B5DDED}.Release|x64.Build.0 = Release|Any CPU
		{A69E9DB5-328F-48A7-9018-038435B5DDED}.Release|x86.ActiveCfg = Release|Any CPU
		{A69E9DB5-328F-48A7-9018-038435B5DDED}.Release|x86.Build.0 = Release|Any CPU
		{7E15E86D-6E3E-4993-B0D5-C761D2823151}.Debug|Any CPU.ActiveCfg = Debug|Any CPU
		{7E15E86D-6E3E-4993-B0D5-C761D2823151}.Debug|Any CPU.Build.0 = Debug|Any CPU
		{7E15E86D-6E3E-4993-B0D5-C761D2823151}.Debug|x64.ActiveCfg = Debug|Any CPU
		{7E15E86D-6E3E-4993-B0D5-C761D2823151}.Debug|x64.Build.0 = Debug|Any CPU
		{7E15E86D-6E3E-4993-B0D5-C761D2823151}.Debug|x86.ActiveCfg = Debug|Any CPU
		{7E15E86D-6E3E-4993-B0D5-C761D2823151}.Debug|x86.Build.0 = Debug|Any CPU
		{7E15E86D-6E3E-4993-B0D5-C761D2823151}.Release|Any CPU.ActiveCfg = Release|Any CPU
		{7E15E86D-6E3E-4993-B0D5-C761D2823151}.Release|Any CPU.Build.0 = Release|Any CPU
		{7E15E86D-6E3E-4993-B0D5-C761D2823151}.Release|x64.ActiveCfg = Release|Any CPU
		{7E15E86D-6E3E-4993-B0D5-C761D2823151}.Release|x64.Build.0 = Release|Any CPU
		{7E15E86D-6E3E-4993-B0D5-C761D2823151}.Release|x86.ActiveCfg = Release|Any CPU
		{7E15E86D-6E3E-4993-B0D5-C761D2823151}.Release|x86.Build.0 = Release|Any CPU
		{BA3B2446-95DA-45BD-BB71-C09C1C382D2E}.Debug|Any CPU.ActiveCfg = Debug|Any CPU
		{BA3B2446-95DA-45BD-BB71-C09C1C382D2E}.Debug|Any CPU.Build.0 = Debug|Any CPU
		{BA3B2446-95DA-45BD-BB71-C09C1C382D2E}.Debug|x64.ActiveCfg = Debug|Any CPU
		{BA3B2446-95DA-45BD-BB71-C09C1C382D2E}.Debug|x64.Build.0 = Debug|Any CPU
		{BA3B2446-95DA-45BD-BB71-C09C1C382D2E}.Debug|x86.ActiveCfg = Debug|Any CPU
		{BA3B2446-95DA-45BD-BB71-C09C1C382D2E}.Debug|x86.Build.0 = Debug|Any CPU
		{BA3B2446-95DA-45BD-BB71-C09C1C382D2E}.Release|Any CPU.ActiveCfg = Release|Any CPU
		{BA3B2446-95DA-45BD-BB71-C09C1C382D2E}.Release|Any CPU.Build.0 = Release|Any CPU
		{BA3B2446-95DA-45BD-BB71-C09C1C382D2E}.Release|x64.ActiveCfg = Release|Any CPU
		{BA3B2446-95DA-45BD-BB71-C09C1C382D2E}.Release|x64.Build.0 = Release|Any CPU
		{BA3B2446-95DA-45BD-BB71-C09C1C382D2E}.Release|x86.ActiveCfg = Release|Any CPU
		{BA3B2446-95DA-45BD-BB71-C09C1C382D2E}.Release|x86.Build.0 = Release|Any CPU
		{9A2D1AE0-298C-4547-B812-6E3D174E4156}.Debug|Any CPU.ActiveCfg = Debug|Any CPU
		{9A2D1AE0-298C-4547-B812-6E3D174E4156}.Debug|Any CPU.Build.0 = Debug|Any CPU
		{9A2D1AE0-298C-4547-B812-6E3D174E4156}.Debug|x64.ActiveCfg = Debug|Any CPU
		{9A2D1AE0-298C-4547-B812-6E3D174E4156}.Debug|x64.Build.0 = Debug|Any CPU
		{9A2D1AE0-298C-4547-B812-6E3D174E4156}.Debug|x86.ActiveCfg = Debug|Any CPU
		{9A2D1AE0-298C-4547-B812-6E3D174E4156}.Debug|x86.Build.0 = Debug|Any CPU
		{9A2D1AE0-298C-4547-B812-6E3D174E4156}.Release|Any CPU.ActiveCfg = Release|Any CPU
		{9A2D1AE0-298C-4547-B812-6E3D174E4156}.Release|Any CPU.Build.0 = Release|Any CPU
		{9A2D1AE0-298C-4547-B812-6E3D174E4156}.Release|x64.ActiveCfg = Release|Any CPU
		{9A2D1AE0-298C-4547-B812-6E3D174E4156}.Release|x64.Build.0 = Release|Any CPU
		{9A2D1AE0-298C-4547-B812-6E3D174E4156}.Release|x86.ActiveCfg = Release|Any CPU
		{9A2D1AE0-298C-4547-B812-6E3D174E4156}.Release|x86.Build.0 = Release|Any CPU
		{4D7057D4-66E8-41B2-B68C-B6A780413F60}.Debug|Any CPU.ActiveCfg = Debug|Any CPU
		{4D7057D4-66E8-41B2-B68C-B6A780413F60}.Debug|Any CPU.Build.0 = Debug|Any CPU
		{4D7057D4-66E8-41B2-B68C-B6A780413F60}.Debug|x64.ActiveCfg = Debug|Any CPU
		{4D7057D4-66E8-41B2-B68C-B6A780413F60}.Debug|x64.Build.0 = Debug|Any CPU
		{4D7057D4-66E8-41B2-B68C-B6A780413F60}.Debug|x86.ActiveCfg = Debug|Any CPU
		{4D7057D4-66E8-41B2-B68C-B6A780413F60}.Debug|x86.Build.0 = Debug|Any CPU
		{4D7057D4-66E8-41B2-B68C-B6A780413F60}.Release|Any CPU.ActiveCfg = Release|Any CPU
		{4D7057D4-66E8-41B2-B68C-B6A780413F60}.Release|Any CPU.Build.0 = Release|Any CPU
		{4D7057D4-66E8-41B2-B68C-B6A780413F60}.Release|x64.ActiveCfg = Release|Any CPU
		{4D7057D4-66E8-41B2-B68C-B6A780413F60}.Release|x64.Build.0 = Release|Any CPU
		{4D7057D4-66E8-41B2-B68C-B6A780413F60}.Release|x86.ActiveCfg = Release|Any CPU
		{4D7057D4-66E8-41B2-B68C-B6A780413F60}.Release|x86.Build.0 = Release|Any CPU
		{4FF579FA-EBC7-4CC8-AACD-F97EBADFB06B}.Debug|Any CPU.ActiveCfg = Debug|Any CPU
		{4FF579FA-EBC7-4CC8-AACD-F97EBADFB06B}.Debug|Any CPU.Build.0 = Debug|Any CPU
		{4FF579FA-EBC7-4CC8-AACD-F97EBADFB06B}.Debug|x64.ActiveCfg = Debug|Any CPU
		{4FF579FA-EBC7-4CC8-AACD-F97EBADFB06B}.Debug|x64.Build.0 = Debug|Any CPU
		{4FF579FA-EBC7-4CC8-AACD-F97EBADFB06B}.Debug|x86.ActiveCfg = Debug|Any CPU
		{4FF579FA-EBC7-4CC8-AACD-F97EBADFB06B}.Debug|x86.Build.0 = Debug|Any CPU
		{4FF579FA-EBC7-4CC8-AACD-F97EBADFB06B}.Release|Any CPU.ActiveCfg = Release|Any CPU
		{4FF579FA-EBC7-4CC8-AACD-F97EBADFB06B}.Release|Any CPU.Build.0 = Release|Any CPU
		{4FF579FA-EBC7-4CC8-AACD-F97EBADFB06B}.Release|x64.ActiveCfg = Release|Any CPU
		{4FF579FA-EBC7-4CC8-AACD-F97EBADFB06B}.Release|x64.Build.0 = Release|Any CPU
		{4FF579FA-EBC7-4CC8-AACD-F97EBADFB06B}.Release|x86.ActiveCfg = Release|Any CPU
		{4FF579FA-EBC7-4CC8-AACD-F97EBADFB06B}.Release|x86.Build.0 = Release|Any CPU
	EndGlobalSection
	GlobalSection(SolutionProperties) = preSolution
		HideSolutionNode = FALSE
	EndGlobalSection
	GlobalSection(NestedProjects) = preSolution
		{52BF7FB6-37FF-5100-EFD1-124EFF302675} = {827E0CD3-B72D-47B6-A68D-7590B98EB39B}
		{984BB9B3-3FA3-BE33-9484-CAC21695A33C} = {827E0CD3-B72D-47B6-A68D-7590B98EB39B}
		{A1BD1808-A874-458E-B88F-56447ABCB608} = {52BF7FB6-37FF-5100-EFD1-124EFF302675}
		{DAB60DCB-2692-40A7-A60D-4924175C70CC} = {52BF7FB6-37FF-5100-EFD1-124EFF302675}
		{32D80E06-B727-47C9-880C-6E82F34A6F9A} = {52BF7FB6-37FF-5100-EFD1-124EFF302675}
		{A688C4ED-B7BA-0688-7C0B-2CD471636AB8} = {984BB9B3-3FA3-BE33-9484-CAC21695A33C}
		{9E084D8D-93BF-44A4-83C0-09CE700113DE} = {A688C4ED-B7BA-0688-7C0B-2CD471636AB8}
		{73FE37FC-3518-49E8-95AC-07BDB67C7AD7} = {A688C4ED-B7BA-0688-7C0B-2CD471636AB8}
		{A69E9DB5-328F-48A7-9018-038435B5DDED} = {A688C4ED-B7BA-0688-7C0B-2CD471636AB8}
		{7E15E86D-6E3E-4993-B0D5-C761D2823151} = {A688C4ED-B7BA-0688-7C0B-2CD471636AB8}
		{6306A8FB-679E-111F-6585-8F70E0EE6013} = {827E0CD3-B72D-47B6-A68D-7590B98EB39B}
		{BA3B2446-95DA-45BD-BB71-C09C1C382D2E} = {6306A8FB-679E-111F-6585-8F70E0EE6013}
		{9A2D1AE0-298C-4547-B812-6E3D174E4156} = {6306A8FB-679E-111F-6585-8F70E0EE6013}
		{4D7057D4-66E8-41B2-B68C-B6A780413F60} = {6306A8FB-679E-111F-6585-8F70E0EE6013}
		{4FF579FA-EBC7-4CC8-AACD-F97EBADFB06B} = {6306A8FB-679E-111F-6585-8F70E0EE6013}
	EndGlobalSection
EndGlobal
