
Microsoft Visual Studio Solution File, Format Version 12.00
# Visual Studio Version 17
VisualStudioVersion = 17.0.31903.59
MinimumVisualStudioVersion = 10.0.40219.1
Project("{2150E333-8FDC-42A3-9474-1A3956D46DE8}") = "src", "src", "{827E0CD3-B72D-47B6-A68D-7590B98EB39B}"
EndProject
Project("{2150E333-8FDC-42A3-9474-1A3956D46DE8}") = "Aspire", "Aspire", "{52BF7FB6-37FF-5100-EFD1-124EFF302675}"
EndProject
Project("{FAE04EC0-301F-11D3-BF4B-00C04F79EFBC}") = "Infrastructure", "src\Infrastructure\Infrastructure.csproj", "{F87EF14F-E413-49A0-8B1B-AB2B23856C1D}"
EndProject
Project("{FAE04EC0-301F-11D3-BF4B-00C04F79EFBC}") = "Domain", "src\Domain\Domain.csproj", "{8C00D365-74F1-475B-9A29-18EFAAFAE28D}"
EndProject
Project("{2150E333-8FDC-42A3-9474-1A3956D46DE8}") = "Services", "Services", "{984BB9B3-3FA3-BE33-9484-CAC21695A33C}"
	ProjectSection(SolutionItems) = preProject
		TODO_DatabaseExecutionContainer = TODO_DatabaseExecutionContainer
		TODO_QueueExecutionContainer = TODO_QueueExecutionContainer
	EndProjectSection
EndProject
Project("{FAE04EC0-301F-11D3-BF4B-00C04F79EFBC}") = "AppHost", "src\Aspire\AppHost\AppHost.csproj", "{A1BD1808-A874-458E-B88F-56447ABCB608}"
EndProject
Project("{FAE04EC0-301F-11D3-BF4B-00C04F79EFBC}") = "ServiceDefaults", "src\Aspire\ServiceDefaults\ServiceDefaults.csproj", "{DAB60DCB-2692-40A7-A60D-4924175C70CC}"
EndProject
Project("{FAE04EC0-301F-11D3-BF4B-00C04F79EFBC}") = "Shared", "src\Aspire\Shared\Shared.csproj", "{32D80E06-B727-47C9-880C-6E82F34A6F9A}"
EndProject
Project("{FAE04EC0-301F-11D3-BF4B-00C04F79EFBC}") = "Gateway", "src\Gateway\Gateway.csproj", "{F85C8424-3443-4C87-8320-6ED835B2AB84}"
EndProject
Project("{FAE04EC0-301F-11D3-BF4B-00C04F79EFBC}") = "Presentation", "src\Presentation\Presentation.csproj", "{DA3AD720-35B9-4D81-B8C1-861EE71C2C62}"
EndProject
Global
	GlobalSection(SolutionConfigurationPlatforms) = preSolution
		Debug|Any CPU = Debug|Any CPU
		Debug|x64 = Debug|x64
		Debug|x86 = Debug|x86
		Release|Any CPU = Release|Any CPU
		Release|x64 = Release|x64
		Release|x86 = Release|x86
	EndGlobalSection
	GlobalSection(ProjectConfigurationPlatforms) = postSolution
		{F87EF14F-E413-49A0-8B1B-AB2B23856C1D}.Debug|Any CPU.ActiveCfg = Debug|Any CPU
		{F87EF14F-E413-49A0-8B1B-AB2B23856C1D}.Debug|Any CPU.Build.0 = Debug|Any CPU
		{F87EF14F-E413-49A0-8B1B-AB2B23856C1D}.Debug|x64.ActiveCfg = Debug|Any CPU
		{F87EF14F-E413-49A0-8B1B-AB2B23856C1D}.Debug|x64.Build.0 = Debug|Any CPU
		{F87EF14F-E413-49A0-8B1B-AB2B23856C1D}.Debug|x86.ActiveCfg = Debug|Any CPU
		{F87EF14F-E413-49A0-8B1B-AB2B23856C1D}.Debug|x86.Build.0 = Debug|Any CPU
		{F87EF14F-E413-49A0-8B1B-AB2B23856C1D}.Release|Any CPU.ActiveCfg = Release|Any CPU
		{F87EF14F-E413-49A0-8B1B-AB2B23856C1D}.Release|Any CPU.Build.0 = Release|Any CPU
		{F87EF14F-E413-49A0-8B1B-AB2B23856C1D}.Release|x64.ActiveCfg = Release|Any CPU
		{F87EF14F-E413-49A0-8B1B-AB2B23856C1D}.Release|x64.Build.0 = Release|Any CPU
		{F87EF14F-E413-49A0-8B1B-AB2B23856C1D}.Release|x86.ActiveCfg = Release|Any CPU
		{F87EF14F-E413-49A0-8B1B-AB2B23856C1D}.Release|x86.Build.0 = Release|Any CPU
		{8C00D365-74F1-475B-9A29-18EFAAFAE28D}.Debug|Any CPU.ActiveCfg = Debug|Any CPU
		{8C00D365-74F1-475B-9A29-18EFAAFAE28D}.Debug|Any CPU.Build.0 = Debug|Any CPU
		{8C00D365-74F1-475B-9A29-18EFAAFAE28D}.Debug|x64.ActiveCfg = Debug|Any CPU
		{8C00D365-74F1-475B-9A29-18EFAAFAE28D}.Debug|x64.Build.0 = Debug|Any CPU
		{8C00D365-74F1-475B-9A29-18EFAAFAE28D}.Debug|x86.ActiveCfg = Debug|Any CPU
		{8C00D365-74F1-475B-9A29-18EFAAFAE28D}.Debug|x86.Build.0 = Debug|Any CPU
		{8C00D365-74F1-475B-9A29-18EFAAFAE28D}.Release|Any CPU.ActiveCfg = Release|Any CPU
		{8C00D365-74F1-475B-9A29-18EFAAFAE28D}.Release|Any CPU.Build.0 = Release|Any CPU
		{8C00D365-74F1-475B-9A29-18EFAAFAE28D}.Release|x64.ActiveCfg = Release|Any CPU
		{8C00D365-74F1-475B-9A29-18EFAAFAE28D}.Release|x64.Build.0 = Release|Any CPU
		{8C00D365-74F1-475B-9A29-18EFAAFAE28D}.Release|x86.ActiveCfg = Release|Any CPU
		{8C00D365-74F1-475B-9A29-18EFAAFAE28D}.Release|x86.Build.0 = Release|Any CPU
		{A1BD1808-A874-458E-B88F-56447ABCB608}.Debug|Any CPU.ActiveCfg = Debug|Any CPU
		{A1BD1808-A874-458E-B88F-56447ABCB608}.Debug|Any CPU.Build.0 = Debug|Any CPU
		{A1BD1808-A874-458E-B88F-56447ABCB608}.Debug|x64.ActiveCfg = Debug|Any CPU
		{A1BD1808-A874-458E-B88F-56447ABCB608}.Debug|x64.Build.0 = Debug|Any CPU
		{A1BD1808-A874-458E-B88F-56447ABCB608}.Debug|x86.ActiveCfg = Debug|Any CPU
		{A1BD1808-A874-458E-B88F-56447ABCB608}.Debug|x86.Build.0 = Debug|Any CPU
		{A1BD1808-A874-458E-B88F-56447ABCB608}.Release|Any CPU.ActiveCfg = Release|Any CPU
		{A1BD1808-A874-458E-B88F-56447ABCB608}.Release|Any CPU.Build.0 = Release|Any CPU
		{A1BD1808-A874-458E-B88F-56447ABCB608}.Release|x64.ActiveCfg = Release|Any CPU
		{A1BD1808-A874-458E-B88F-56447ABCB608}.Release|x64.Build.0 = Release|Any CPU
		{A1BD1808-A874-458E-B88F-56447ABCB608}.Release|x86.ActiveCfg = Release|Any CPU
		{A1BD1808-A874-458E-B88F-56447ABCB608}.Release|x86.Build.0 = Release|Any CPU
		{DAB60DCB-2692-40A7-A60D-4924175C70CC}.Debug|Any CPU.ActiveCfg = Debug|Any CPU
		{DAB60DCB-2692-40A7-A60D-4924175C70CC}.Debug|Any CPU.Build.0 = Debug|Any CPU
		{DAB60DCB-2692-40A7-A60D-4924175C70CC}.Debug|x64.ActiveCfg = Debug|Any CPU
		{DAB60DCB-2692-40A7-A60D-4924175C70CC}.Debug|x64.Build.0 = Debug|Any CPU
		{DAB60DCB-2692-40A7-A60D-4924175C70CC}.Debug|x86.ActiveCfg = Debug|Any CPU
		{DAB60DCB-2692-40A7-A60D-4924175C70CC}.Debug|x86.Build.0 = Debug|Any CPU
		{DAB60DCB-2692-40A7-A60D-4924175C70CC}.Release|Any CPU.ActiveCfg = Release|Any CPU
		{DAB60DCB-2692-40A7-A60D-4924175C70CC}.Release|Any CPU.Build.0 = Release|Any CPU
		{DAB60DCB-2692-40A7-A60D-4924175C70CC}.Release|x64.ActiveCfg = Release|Any CPU
		{DAB60DCB-2692-40A7-A60D-4924175C70CC}.Release|x64.Build.0 = Release|Any CPU
		{DAB60DCB-2692-40A7-A60D-4924175C70CC}.Release|x86.ActiveCfg = Release|Any CPU
		{DAB60DCB-2692-40A7-A60D-4924175C70CC}.Release|x86.Build.0 = Release|Any CPU
		{32D80E06-B727-47C9-880C-6E82F34A6F9A}.Debug|Any CPU.ActiveCfg = Debug|Any CPU
		{32D80E06-B727-47C9-880C-6E82F34A6F9A}.Debug|Any CPU.Build.0 = Debug|Any CPU
		{32D80E06-B727-47C9-880C-6E82F34A6F9A}.Debug|x64.ActiveCfg = Debug|Any CPU
		{32D80E06-B727-47C9-880C-6E82F34A6F9A}.Debug|x64.Build.0 = Debug|Any CPU
		{32D80E06-B727-47C9-880C-6E82F34A6F9A}.Debug|x86.ActiveCfg = Debug|Any CPU
		{32D80E06-B727-47C9-880C-6E82F34A6F9A}.Debug|x86.Build.0 = Debug|Any CPU
		{32D80E06-B727-47C9-880C-6E82F34A6F9A}.Release|Any CPU.ActiveCfg = Release|Any CPU
		{32D80E06-B727-47C9-880C-6E82F34A6F9A}.Release|Any CPU.Build.0 = Release|Any CPU
		{32D80E06-B727-47C9-880C-6E82F34A6F9A}.Release|x64.ActiveCfg = Release|Any CPU
		{32D80E06-B727-47C9-880C-6E82F34A6F9A}.Release|x64.Build.0 = Release|Any CPU
		{32D80E06-B727-47C9-880C-6E82F34A6F9A}.Release|x86.ActiveCfg = Release|Any CPU
		{32D80E06-B727-47C9-880C-6E82F34A6F9A}.Release|x86.Build.0 = Release|Any CPU
		{F85C8424-3443-4C87-8320-6ED835B2AB84}.Debug|Any CPU.ActiveCfg = Debug|Any CPU
		{F85C8424-3443-4C87-8320-6ED835B2AB84}.Debug|Any CPU.Build.0 = Debug|Any CPU
		{F85C8424-3443-4C87-8320-6ED835B2AB84}.Debug|x64.ActiveCfg = Debug|Any CPU
		{F85C8424-3443-4C87-8320-6ED835B2AB84}.Debug|x64.Build.0 = Debug|Any CPU
		{F85C8424-3443-4C87-8320-6ED835B2AB84}.Debug|x86.ActiveCfg = Debug|Any CPU
		{F85C8424-3443-4C87-8320-6ED835B2AB84}.Debug|x86.Build.0 = Debug|Any CPU
		{F85C8424-3443-4C87-8320-6ED835B2AB84}.Release|Any CPU.ActiveCfg = Release|Any CPU
		{F85C8424-3443-4C87-8320-6ED835B2AB84}.Release|Any CPU.Build.0 = Release|Any CPU
		{F85C8424-3443-4C87-8320-6ED835B2AB84}.Release|x64.ActiveCfg = Release|Any CPU
		{F85C8424-3443-4C87-8320-6ED835B2AB84}.Release|x64.Build.0 = Release|Any CPU
		{F85C8424-3443-4C87-8320-6ED835B2AB84}.Release|x86.ActiveCfg = Release|Any CPU
		{F85C8424-3443-4C87-8320-6ED835B2AB84}.Release|x86.Build.0 = Release|Any CPU
		{DA3AD720-35B9-4D81-B8C1-861EE71C2C62}.Debug|Any CPU.ActiveCfg = Debug|Any CPU
		{DA3AD720-35B9-4D81-B8C1-861EE71C2C62}.Debug|Any CPU.Build.0 = Debug|Any CPU
		{DA3AD720-35B9-4D81-B8C1-861EE71C2C62}.Debug|x64.ActiveCfg = Debug|Any CPU
		{DA3AD720-35B9-4D81-B8C1-861EE71C2C62}.Debug|x64.Build.0 = Debug|Any CPU
		{DA3AD720-35B9-4D81-B8C1-861EE71C2C62}.Debug|x86.ActiveCfg = Debug|Any CPU
		{DA3AD720-35B9-4D81-B8C1-861EE71C2C62}.Debug|x86.Build.0 = Debug|Any CPU
		{DA3AD720-35B9-4D81-B8C1-861EE71C2C62}.Release|Any CPU.ActiveCfg = Release|Any CPU
		{DA3AD720-35B9-4D81-B8C1-861EE71C2C62}.Release|Any CPU.Build.0 = Release|Any CPU
		{DA3AD720-35B9-4D81-B8C1-861EE71C2C62}.Release|x64.ActiveCfg = Release|Any CPU
		{DA3AD720-35B9-4D81-B8C1-861EE71C2C62}.Release|x64.Build.0 = Release|Any CPU
		{DA3AD720-35B9-4D81-B8C1-861EE71C2C62}.Release|x86.ActiveCfg = Release|Any CPU
		{DA3AD720-35B9-4D81-B8C1-861EE71C2C62}.Release|x86.Build.0 = Release|Any CPU
	EndGlobalSection
	GlobalSection(SolutionProperties) = preSolution
		HideSolutionNode = FALSE
	EndGlobalSection
	GlobalSection(NestedProjects) = preSolution
		{52BF7FB6-37FF-5100-EFD1-124EFF302675} = {827E0CD3-B72D-47B6-A68D-7590B98EB39B}
		{F87EF14F-E413-49A0-8B1B-AB2B23856C1D} = {827E0CD3-B72D-47B6-A68D-7590B98EB39B}
		{8C00D365-74F1-475B-9A29-18EFAAFAE28D} = {827E0CD3-B72D-47B6-A68D-7590B98EB39B}
		{984BB9B3-3FA3-BE33-9484-CAC21695A33C} = {827E0CD3-B72D-47B6-A68D-7590B98EB39B}
		{A1BD1808-A874-458E-B88F-56447ABCB608} = {52BF7FB6-37FF-5100-EFD1-124EFF302675}
		{DAB60DCB-2692-40A7-A60D-4924175C70CC} = {52BF7FB6-37FF-5100-EFD1-124EFF302675}
		{32D80E06-B727-47C9-880C-6E82F34A6F9A} = {52BF7FB6-37FF-5100-EFD1-124EFF302675}
		{F85C8424-3443-4C87-8320-6ED835B2AB84} = {827E0CD3-B72D-47B6-A68D-7590B98EB39B}
		{DA3AD720-35B9-4D81-B8C1-861EE71C2C62} = {827E0CD3-B72D-47B6-A68D-7590B98EB39B}
	EndGlobalSection
EndGlobal
